// !$*UTF8*$!
{
	archiveVersion = 1;
	classes = {
	};
	objectVersion = 50;
	objects = {

/* Begin PBXBuildFile section */
		CA45F37821EF842F00579650 /* GameDetails.swift in Sources */ = {isa = PBXBuildFile; fileRef = CA45F37721EF842F00579650 /* GameDetails.swift */; };
		CA45F37A21EF84BE00579650 /* GameTableViewController.swift in Sources */ = {isa = PBXBuildFile; fileRef = CA45F37921EF84BE00579650 /* GameTableViewController.swift */; };
		CA45F38021F242E200579650 /* GameList.swift in Sources */ = {isa = PBXBuildFile; fileRef = CA45F37F21F242E200579650 /* GameList.swift */; };
		CA6FF05F21E66AE900BBAE9F /* AppDelegate.swift in Sources */ = {isa = PBXBuildFile; fileRef = CA6FF05E21E66AE900BBAE9F /* AppDelegate.swift */; };
		CA6FF06421E66AE900BBAE9F /* Main.storyboard in Resources */ = {isa = PBXBuildFile; fileRef = CA6FF06221E66AE900BBAE9F /* Main.storyboard */; };
		CA6FF06621E66AEB00BBAE9F /* Assets.xcassets in Resources */ = {isa = PBXBuildFile; fileRef = CA6FF06521E66AEB00BBAE9F /* Assets.xcassets */; };
		CA6FF06921E66AEB00BBAE9F /* LaunchScreen.storyboard in Resources */ = {isa = PBXBuildFile; fileRef = CA6FF06721E66AEB00BBAE9F /* LaunchScreen.storyboard */; };
/* End PBXBuildFile section */

/* Begin PBXFileReference section */
		CA45F37721EF842F00579650 /* GameDetails.swift */ = {isa = PBXFileReference; lastKnownFileType = sourcecode.swift; path = GameDetails.swift; sourceTree = "<group>"; };
		CA45F37921EF84BE00579650 /* GameTableViewController.swift */ = {isa = PBXFileReference; lastKnownFileType = sourcecode.swift; path = GameTableViewController.swift; sourceTree = "<group>"; };
		CA45F37F21F242E200579650 /* GameList.swift */ = {isa = PBXFileReference; lastKnownFileType = sourcecode.swift; path = GameList.swift; sourceTree = "<group>"; };
		CA6FF05B21E66AE900BBAE9F /* ameliaFinalProject.app */ = {isa = PBXFileReference; explicitFileType = wrapper.application; includeInIndex = 0; path = ameliaFinalProject.app; sourceTree = BUILT_PRODUCTS_DIR; };
		CA6FF05E21E66AE900BBAE9F /* AppDelegate.swift */ = {isa = PBXFileReference; lastKnownFileType = sourcecode.swift; path = AppDelegate.swift; sourceTree = "<group>"; };
		CA6FF06321E66AE900BBAE9F /* Base */ = {isa = PBXFileReference; lastKnownFileType = file.storyboard; name = Base; path = Base.lproj/Main.storyboard; sourceTree = "<group>"; };
		CA6FF06521E66AEB00BBAE9F /* Assets.xcassets */ = {isa = PBXFileReference; lastKnownFileType = folder.assetcatalog; path = Assets.xcassets; sourceTree = "<group>"; };
		CA6FF06821E66AEB00BBAE9F /* Base */ = {isa = PBXFileReference; lastKnownFileType = file.storyboard; name = Base; path = Base.lproj/LaunchScreen.storyboard; sourceTree = "<group>"; };
		CA6FF06A21E66AEB00BBAE9F /* Info.plist */ = {isa = PBXFileReference; lastKnownFileType = text.plist.xml; path = Info.plist; sourceTree = "<group>"; };
/* End PBXFileReference section */

/* Begin PBXFrameworksBuildPhase section */
		CA6FF05821E66AE900BBAE9F /* Frameworks */ = {
			isa = PBXFrameworksBuildPhase;
			buildActionMask = 2147483647;
			files = (
			);
			runOnlyForDeploymentPostprocessing = 0;
		};
/* End PBXFrameworksBuildPhase section */

/* Begin PBXGroup section */
		CA6FF05221E66AE900BBAE9F = {
			isa = PBXGroup;
			children = (
				CA6FF05D21E66AE900BBAE9F /* ameliaFinalProject */,
				CA6FF05C21E66AE900BBAE9F /* Products */,
			);
			sourceTree = "<group>";
		};
		CA6FF05C21E66AE900BBAE9F /* Products */ = {
			isa = PBXGroup;
			children = (
				CA6FF05B21E66AE900BBAE9F /* ameliaFinalProject.app */,
			);
			name = Products;
			sourceTree = "<group>";
		};
		CA6FF05D21E66AE900BBAE9F /* ameliaFinalProject */ = {
			isa = PBXGroup;
			children = (
				CA6FF05E21E66AE900BBAE9F /* AppDelegate.swift */,
				CA45F37F21F242E200579650 /* GameList.swift */,
				CA45F37721EF842F00579650 /* GameDetails.swift */,
				CA45F37921EF84BE00579650 /* GameTableViewController.swift */,
				CA6FF06721E66AEB00BBAE9F /* LaunchScreen.storyboard */,
				CA6FF06221E66AE900BBAE9F /* Main.storyboard */,
				CA6FF06521E66AEB00BBAE9F /* Assets.xcassets */,
				CA6FF06A21E66AEB00BBAE9F /* Info.plist */,
			);
			path = ameliaFinalProject;
			sourceTree = "<group>";
		};
/* End PBXGroup section */

/* Begin PBXNativeTarget section */
		CA6FF05A21E66AE900BBAE9F /* ameliaFinalProject */ = {
			isa = PBXNativeTarget;
			buildConfigurationList = CA6FF06D21E66AEB00BBAE9F /* Build configuration list for PBXNativeTarget "ameliaFinalProject" */;
			buildPhases = (
				CA6FF05721E66AE900BBAE9F /* Sources */,
				CA6FF05821E66AE900BBAE9F /* Frameworks */,
				CA6FF05921E66AE900BBAE9F /* Resources */,
			);
			buildRules = (
			);
			dependencies = (
			);
			name = ameliaFinalProject;
			productName = ameliaFinalProject;
			productReference = CA6FF05B21E66AE900BBAE9F /* ameliaFinalProject.app */;
			productType = "com.apple.product-type.application";
		};
/* End PBXNativeTarget section */

/* Begin PBXProject section */
		CA6FF05321E66AE900BBAE9F /* Project object */ = {
			isa = PBXProject;
			attributes = {
				LastSwiftUpdateCheck = 1010;
				LastUpgradeCheck = 1010;
				ORGANIZATIONNAME = "Amelia Lambert";
				TargetAttributes = {
					CA6FF05A21E66AE900BBAE9F = {
						CreatedOnToolsVersion = 10.1;
					};
				};
			};
			buildConfigurationList = CA6FF05621E66AE900BBAE9F /* Build configuration list for PBXProject "ameliaFinalProject" */;
			compatibilityVersion = "Xcode 9.3";
			developmentRegion = en;
			hasScannedForEncodings = 0;
			knownRegions = (
				en,
				Base,
			);
			mainGroup = CA6FF05221E66AE900BBAE9F;
			productRefGroup = CA6FF05C21E66AE900BBAE9F /* Products */;
			projectDirPath = "";
			projectRoot = "";
			targets = (
				CA6FF05A21E66AE900BBAE9F /* ameliaFinalProject */,
			);
		};
/* End PBXProject section */

/* Begin PBXResourcesBuildPhase section */
		CA6FF05921E66AE900BBAE9F /* Resources */ = {
			isa = PBXResourcesBuildPhase;
			buildActionMask = 2147483647;
			files = (
				CA6FF06921E66AEB00BBAE9F /* LaunchScreen.storyboard in Resources */,
				CA6FF06621E66AEB00BBAE9F /* Assets.xcassets in Resources */,
				CA6FF06421E66AE900BBAE9F /* Main.storyboard in Resources */,
			);
			runOnlyForDeploymentPostprocessing = 0;
		};
/* End PBXResourcesBuildPhase section */

/* Begin PBXSourcesBuildPhase section */
		CA6FF05721E66AE900BBAE9F /* Sources */ = {
			isa = PBXSourcesBuildPhase;
			buildActionMask = 2147483647;
			files = (
				CA45F37A21EF84BE00579650 /* GameTableViewController.swift in Sources */,
				CA45F38021F242E200579650 /* GameList.swift in Sources */,
				CA45F37821EF842F00579650 /* GameDetails.swift in Sources */,
				CA6FF05F21E66AE900BBAE9F /* AppDelegate.swift in Sources */,
			);
			runOnlyForDeploymentPostprocessing = 0;
		};
/* End PBXSourcesBuildPhase section */

/* Begin PBXVariantGroup section */
		CA6FF06221E66AE900BBAE9F /* Main.storyboard */ = {
			isa = PBXVariantGroup;
			children = (
				CA6FF06321E66AE900BBAE9F /* Base */,
			);
			name = Main.storyboard;
			sourceTree = "<group>";
		};
		CA6FF06721E66AEB00BBAE9F /* LaunchScreen.storyboard */ = {
			isa = PBXVariantGroup;
			children = (
				CA6FF06821E66AEB00BBAE9F /* Base */,
			);
			name = LaunchScreen.storyboard;
			sourceTree = "<group>";
		};
/* End PBXVariantGroup section */

/* Begin XCBuildConfiguration section */
		CA6FF06B21E66AEB00BBAE9F /* Debug */ = {
			isa = XCBuildConfiguration;
			buildSettings = {
				ALWAYS_SEARCH_USER_PATHS = NO;
				CLANG_ANALYZER_NONNULL = YES;
				CLANG_ANALYZER_NUMBER_OBJECT_CONVERSION = YES_AGGRESSIVE;
				CLANG_CXX_LANGUAGE_STANDARD = "gnu++14";
				CLANG_CXX_LIBRARY = "libc++";
				CLANG_ENABLE_MODULES = YES;
				CLANG_ENABLE_OBJC_ARC = YES;
				CLANG_ENABLE_OBJC_WEAK = YES;
				CLANG_WARN_BLOCK_CAPTURE_AUTORELEASING = YES;
				CLANG_WARN_BOOL_CONVERSION = YES;
				CLANG_WARN_COMMA = YES;
				CLANG_WARN_CONSTANT_CONVERSION = YES;
				CLANG_WARN_DEPRECATED_OBJC_IMPLEMENTATIONS = YES;
				CLANG_WARN_DIRECT_OBJC_ISA_USAGE = YES_ERROR;
				CLANG_WARN_DOCUMENTATION_COMMENTS = YES;
				CLANG_WARN_EMPTY_BODY = YES;
				CLANG_WARN_ENUM_CONVERSION = YES;
				CLANG_WARN_INFINITE_RECURSION = YES;
				CLANG_WARN_INT_CONVERSION = YES;
				CLANG_WARN_NON_LITERAL_NULL_CONVERSION = YES;
				CLANG_WARN_OBJC_IMPLICIT_RETAIN_SELF = YES;
				CLANG_WARN_OBJC_LITERAL_CONVERSION = YES;
				CLANG_WARN_OBJC_ROOT_CLASS = YES_ERROR;
				CLANG_WARN_RANGE_LOOP_ANALYSIS = YES;
				CLANG_WARN_STRICT_PROTOTYPES = YES;
				CLANG_WARN_SUSPICIOUS_MOVE = YES;
				CLANG_WARN_UNGUARDED_AVAILABILITY = YES_AGGRESSIVE;
				CLANG_WARN_UNREACHABLE_CODE = YES;
				CLANG_WARN__DUPLICATE_METHOD_MATCH = YES;
				CODE_SIGN_IDENTITY = "iPhone Developer";
				COPY_PHASE_STRIP = NO;
				DEBUG_INFORMATION_FORMAT = dwarf;
				ENABLE_STRICT_OBJC_MSGSEND = YES;
				ENABLE_TESTABILITY = YES;
				GCC_C_LANGUAGE_STANDARD = gnu11;
				GCC_DYNAMIC_NO_PIC = NO;
				GCC_NO_COMMON_BLOCKS = YES;
				GCC_OPTIMIZATION_LEVEL = 0;
				GCC_PREPROCESSOR_DEFINITIONS = (
					"DEBUG=1",
					"$(inherited)",
				);
				GCC_WARN_64_TO_32_BIT_CONVERSION = YES;
				GCC_WARN_ABOUT_RETURN_TYPE = YES_ERROR;
				GCC_WARN_UNDECLARED_SELECTOR = YES;
				GCC_WARN_UNINITIALIZED_AUTOS = YES_AGGRESSIVE;
				GCC_WARN_UNUSED_FUNCTION = YES;
				GCC_WARN_UNUSED_VARIABLE = YES;
				IPHONEOS_DEPLOYMENT_TARGET = 12.1;
				MTL_ENABLE_DEBUG_INFO = INCLUDE_SOURCE;
				MTL_FAST_MATH = YES;
				ONLY_ACTIVE_ARCH = YES;
				SDKROOT = iphoneos;
				SWIFT_ACTIVE_COMPILATION_CONDITIONS = DEBUG;
				SWIFT_OPTIMIZATION_LEVEL = "-Onone";
			};
			name = Debug;
		};
		CA6FF06C21E66AEB00BBAE9F /* Release */ = {
			isa = XCBuildConfiguration;
			buildSettings = {
				ALWAYS_SEARCH_USER_PATHS = NO;
				CLANG_ANALYZER_NONNULL = YES;
				CLANG_ANALYZER_NUMBER_OBJECT_CONVERSION = YES_AGGRESSIVE;
				CLANG_CXX_LANGUAGE_STANDARD = "gnu++14";
				CLANG_CXX_LIBRARY = "libc++";
				CLANG_ENABLE_MODULES = YES;
				CLANG_ENABLE_OBJC_ARC = YES;
				CLANG_ENABLE_OBJC_WEAK = YES;
				CLANG_WARN_BLOCK_CAPTURE_AUTORELEASING = YES;
				CLANG_WARN_BOOL_CONVERSION = YES;
				CLANG_WARN_COMMA = YES;
				CLANG_WARN_CONSTANT_CONVERSION = YES;
				CLANG_WARN_DEPRECATED_OBJC_IMPLEMENTATIONS = YES;
				CLANG_WARN_DIRECT_OBJC_ISA_USAGE = YES_ERROR;
				CLANG_WARN_DOCUMENTATION_COMMENTS = YES;
				CLANG_WARN_EMPTY_BODY = YES;
				CLANG_WARN_ENUM_CONVERSION = YES;
				CLANG_WARN_INFINITE_RECURSION = YES;
				CLANG_WARN_INT_CONVERSION = YES;
				CLANG_WARN_NON_LITERAL_NULL_CONVERSION = YES;
				CLANG_WARN_OBJC_IMPLICIT_RETAIN_SELF = YES;
				CLANG_WARN_OBJC_LITERAL_CONVERSION = YES;
				CLANG_WARN_OBJC_ROOT_CLASS = YES_ERROR;
				CLANG_WARN_RANGE_LOOP_ANALYSIS = YES;
				CLANG_WARN_STRICT_PROTOTYPES = YES;
				CLANG_WARN_SUSPICIOUS_MOVE = YES;
				CLANG_WARN_UNGUARDED_AVAILABILITY = YES_AGGRESSIVE;
				CLANG_WARN_UNREACHABLE_CODE = YES;
				CLANG_WARN__DUPLICATE_METHOD_MATCH = YES;
				CODE_SIGN_IDENTITY = "iPhone Developer";
				COPY_PHASE_STRIP = NO;
				DEBUG_INFORMATION_FORMAT = "dwarf-with-dsym";
				ENABLE_NS_ASSERTIONS = NO;
				ENABLE_STRICT_OBJC_MSGSEND = YES;
				GCC_C_LANGUAGE_STANDARD = gnu11;
				GCC_NO_COMMON_BLOCKS = YES;
				GCC_WARN_64_TO_32_BIT_CONVERSION = YES;
				GCC_WARN_ABOUT_RETURN_TYPE = YES_ERROR;
				GCC_WARN_UNDECLARED_SELECTOR = YES;
				GCC_WARN_UNINITIALIZED_AUTOS = YES_AGGRESSIVE;
				GCC_WARN_UNUSED_FUNCTION = YES;
				GCC_WARN_UNUSED_VARIABLE = YES;
				IPHONEOS_DEPLOYMENT_TARGET = 12.1;
				MTL_ENABLE_DEBUG_INFO = NO;
				MTL_FAST_MATH = YES;
				SDKROOT = iphoneos;
				SWIFT_COMPILATION_MODE = wholemodule;
				SWIFT_OPTIMIZATION_LEVEL = "-O";
				VALIDATE_PRODUCT = YES;
			};
			name = Release;
		};
		CA6FF06E21E66AEB00BBAE9F /* Debug */ = {
			isa = XCBuildConfiguration;
			buildSettings = {
				ASSETCATALOG_COMPILER_APPICON_NAME = AppIcon;
				CODE_SIGN_STYLE = Automatic;
				DEVELOPMENT_TEAM = 32Z3B7H645;
				INFOPLIST_FILE = ameliaFinalProject/Info.plist;
				LD_RUNPATH_SEARCH_PATHS = (
					"$(inherited)",
					"@executable_path/Frameworks",
				);
				PRODUCT_BUNDLE_IDENTIFIER = com.example.ameliaFinalProject;
				PRODUCT_NAME = "$(TARGET_NAME)";
				SWIFT_VERSION = 4.2;
				TARGETED_DEVICE_FAMILY = "1,2";
			};
			name = Debug;
		};
		CA6FF06F21E66AEB00BBAE9F /* Release */ = {
			isa = XCBuildConfiguration;
			buildSettings = {
				ASSETCATALOG_COMPILER_APPICON_NAME = AppIcon;
				CODE_SIGN_STYLE = Automatic;
				DEVELOPMENT_TEAM = 32Z3B7H645;
				INFOPLIST_FILE = ameliaFinalProject/Info.plist;
				LD_RUNPATH_SEARCH_PATHS = (
					"$(inherited)",
					"@executable_path/Frameworks",
				);
				PRODUCT_BUNDLE_IDENTIFIER = com.example.ameliaFinalProject;
				PRODUCT_NAME = "$(TARGET_NAME)";
				SWIFT_VERSION = 4.2;
				TARGETED_DEVICE_FAMILY = "1,2";
			};
			name = Release;
		};
/* End XCBuildConfiguration section */

/* Begin XCConfigurationList section */
		CA6FF05621E66AE900BBAE9F /* Build configuration list for PBXProject "ameliaFinalProject" */ = {
			isa = XCConfigurationList;
			buildConfigurations = (
				CA6FF06B21E66AEB00BBAE9F /* Debug */,
				CA6FF06C21E66AEB00BBAE9F /* Release */,
			);
			defaultConfigurationIsVisible = 0;
			defaultConfigurationName = Release;
		};
		CA6FF06D21E66AEB00BBAE9F /* Build configuration list for PBXNativeTarget "ameliaFinalProject" */ = {
			isa = XCConfigurationList;
			buildConfigurations = (
				CA6FF06E21E66AEB00BBAE9F /* Debug */,
				CA6FF06F21E66AEB00BBAE9F /* Release */,
			);
			defaultConfigurationIsVisible = 0;
			defaultConfigurationName = Release;
		};
/* End XCConfigurationList section */
	};
	rootObject = CA6FF05321E66AE900BBAE9F /* Project object */;
}
